
Microsoft Visual Studio Solution File, Format Version 12.00
# Visual Studio Version 17
VisualStudioVersion = 17.11.35303.130
MinimumVisualStudioVersion = 10.0.40219.1
Project("{8BC9CEB8-8B4A-11D0-8D11-00A0C91BC942}") = "assignment9-14", "assignment9-14\assignment9-14.vcxproj", "{1ED6E69D-B03A-4C9D-A40E-260F22E4A8F1}"
EndProject
Global
	GlobalSection(SolutionConfigurationPlatforms) = preSolution
		Debug|x64 = Debug|x64
		Debug|x86 = Debug|x86
		Release|x64 = Release|x64
		Release|x86 = Release|x86
	EndGlobalSection
	GlobalSection(ProjectConfigurationPlatforms) = postSolution
		{1ED6E69D-B03A-4C9D-A40E-260F22E4A8F1}.Debug|x64.ActiveCfg = Debug|x64
		{1ED6E69D-B03A-4C9D-A40E-260F22E4A8F1}.Debug|x64.Build.0 = Debug|x64
		{1ED6E69D-B03A-4C9D-A40E-260F22E4A8F1}.Debug|x86.ActiveCfg = Debug|Win32
		{1ED6E69D-B03A-4C9D-A40E-260F22E4A8F1}.Debug|x86.Build.0 = Debug|Win32
		{1ED6E69D-B03A-4C9D-A40E-260F22E4A8F1}.Release|x64.ActiveCfg = Release|x64
		{1ED6E69D-B03A-4C9D-A40E-260F22E4A8F1}.Release|x64.Build.0 = Release|x64
		{1ED6E69D-B03A-4C9D-A40E-260F22E4A8F1}.Release|x86.ActiveCfg = Release|Win32
		{1ED6E69D-B03A-4C9D-A40E-260F22E4A8F1}.Release|x86.Build.0 = Release|Win32
	EndGlobalSection
	GlobalSection(SolutionProperties) = preSolution
		HideSolutionNode = FALSE
	EndGlobalSection
	GlobalSection(ExtensibilityGlobals) = postSolution
		SolutionGuid = {05817F97-950B-4892-87A0-156A8ED54C19}
	EndGlobalSection
EndGlobal
